
Microsoft Visual Studio Solution File, Format Version 12.00
# Visual Studio 15
VisualStudioVersion = 15.0.26730.16
MinimumVisualStudioVersion = 10.0.40219.1
Project("{9A19103F-16F7-4668-BE54-9A1E7A4F7556}") = "Compass", "NetClient\Compass.csproj", "{C1BDA07E-65E1-40D1-BC8F-DCAA89E86983}"
EndProject
Project("{9A19103F-16F7-4668-BE54-9A1E7A4F7556}") = "CompassTests", "UnitTestProject\CompassTests.csproj", "{312947C0-192F-404B-BC47-9B5213D6D8CD}"
EndProject
Project("{FAE04EC0-301F-11D3-BF4B-00C04F79EFBC}") = "Examples", "Examples\Examples.csproj", "{C7CC7FFC-76E4-4219-80A4-F1B92D604B1D}"
EndProject
Global
	GlobalSection(SolutionConfigurationPlatforms) = preSolution
		Debug|Any CPU = Debug|Any CPU
		Release|Any CPU = Release|Any CPU
	EndGlobalSection
	GlobalSection(ProjectConfigurationPlatforms) = postSolution
		{C1BDA07E-65E1-40D1-BC8F-DCAA89E86983}.Debug|Any CPU.ActiveCfg = Debug|Any CPU
		{C1BDA07E-65E1-40D1-BC8F-DCAA89E86983}.Debug|Any CPU.Build.0 = Debug|Any CPU
		{C1BDA07E-65E1-40D1-BC8F-DCAA89E86983}.Release|Any CPU.ActiveCfg = Release|Any CPU
		{C1BDA07E-65E1-40D1-BC8F-DCAA89E86983}.Release|Any CPU.Build.0 = Release|Any CPU
		{312947C0-192F-404B-BC47-9B5213D6D8CD}.Debug|Any CPU.ActiveCfg = Debug|Any CPU
		{312947C0-192F-404B-BC47-9B5213D6D8CD}.Debug|Any CPU.Build.0 = Debug|Any CPU
		{312947C0-192F-404B-BC47-9B5213D6D8CD}.Release|Any CPU.ActiveCfg = Release|Any CPU
		{312947C0-192F-404B-BC47-9B5213D6D8CD}.Release|Any CPU.Build.0 = Release|Any CPU
		{C7CC7FFC-76E4-4219-80A4-F1B92D604B1D}.Debug|Any CPU.ActiveCfg = Debug|Any CPU
		{C7CC7FFC-76E4-4219-80A4-F1B92D604B1D}.Debug|Any CPU.Build.0 = Debug|Any CPU
		{C7CC7FFC-76E4-4219-80A4-F1B92D604B1D}.Release|Any CPU.ActiveCfg = Release|Any CPU
		{C7CC7FFC-76E4-4219-80A4-F1B92D604B1D}.Release|Any CPU.Build.0 = Release|Any CPU
	EndGlobalSection
	GlobalSection(SolutionProperties) = preSolution
		HideSolutionNode = FALSE
	EndGlobalSection
	GlobalSection(ExtensibilityGlobals) = postSolution
		SolutionGuid = {7004AB9D-E749-493B-9D30-84CDA5B434F1}
	EndGlobalSection
EndGlobal
